// !$*UTF8*$!
{
	archiveVersion = 1;
	classes = {
	};
	objectVersion = 46;
	objects = {

/* Begin PBXBuildFile section */
		1792631618F910F10000F9C7 /* GalleryViewController.m in Sources */ = {isa = PBXBuildFile; fileRef = 1792631518F910F10000F9C7 /* GalleryViewController.m */; };
		1792633A18F93A5D0000F9C7 /* GalleryCell.m in Sources */ = {isa = PBXBuildFile; fileRef = 1792633918F93A5D0000F9C7 /* GalleryCell.m */; };
		1792633E18FA5BCE0000F9C7 /* GalleryPhoto.m in Sources */ = {isa = PBXBuildFile; fileRef = 1792633D18FA5BCE0000F9C7 /* GalleryPhoto.m */; };
		1799984019021E930018BAB2 /* MBProgressHUD.m in Sources */ = {isa = PBXBuildFile; fileRef = 1799983F19021E930018BAB2 /* MBProgressHUD.m */; };
		1799984F1902207A0018BAB2 /* 37x-Checkmark.png in Resources */ = {isa = PBXBuildFile; fileRef = 179998431902207A0018BAB2 /* 37x-Checkmark.png */; };
		179998501902207A0018BAB2 /* 37x-Checkmark@2x.png in Resources */ = {isa = PBXBuildFile; fileRef = 179998441902207A0018BAB2 /* 37x-Checkmark@2x.png */; };
		179998511902207A0018BAB2 /* Default-568h@2x.png in Resources */ = {isa = PBXBuildFile; fileRef = 179998451902207A0018BAB2 /* Default-568h@2x.png */; };
		179998521902207A0018BAB2 /* Default-iOS7-568h@2x.png in Resources */ = {isa = PBXBuildFile; fileRef = 179998461902207A0018BAB2 /* Default-iOS7-568h@2x.png */; };
		179998531902207A0018BAB2 /* Default-iOS7@2x.png in Resources */ = {isa = PBXBuildFile; fileRef = 179998471902207A0018BAB2 /* Default-iOS7@2x.png */; };
		179998541902207A0018BAB2 /* Default.png in Resources */ = {isa = PBXBuildFile; fileRef = 179998481902207A0018BAB2 /* Default.png */; };
		179998551902207A0018BAB2 /* Default@2x.png in Resources */ = {isa = PBXBuildFile; fileRef = 179998491902207A0018BAB2 /* Default@2x.png */; };
		179998561902207A0018BAB2 /* Icon-iOS7@2x.png in Resources */ = {isa = PBXBuildFile; fileRef = 1799984A1902207A0018BAB2 /* Icon-iOS7@2x.png */; };
		179998571902207A0018BAB2 /* Icon-Small.png in Resources */ = {isa = PBXBuildFile; fileRef = 1799984B1902207A0018BAB2 /* Icon-Small.png */; };
		179998581902207A0018BAB2 /* Icon-Small@2x.png in Resources */ = {isa = PBXBuildFile; fileRef = 1799984C1902207A0018BAB2 /* Icon-Small@2x.png */; };
		179998591902207A0018BAB2 /* Icon.png in Resources */ = {isa = PBXBuildFile; fileRef = 1799984D1902207A0018BAB2 /* Icon.png */; };
		1799985A1902207A0018BAB2 /* Icon@2x.png in Resources */ = {isa = PBXBuildFile; fileRef = 1799984E1902207A0018BAB2 /* Icon@2x.png */; };
		179998661902503A0018BAB2 /* AnimatedTransitioning.m in Sources */ = {isa = PBXBuildFile; fileRef = 179998631902503A0018BAB2 /* AnimatedTransitioning.m */; };
		179998671902503A0018BAB2 /* TransitionDelegate.m in Sources */ = {isa = PBXBuildFile; fileRef = 179998651902503A0018BAB2 /* TransitionDelegate.m */; };
		17A020EB18FA7E8700FA5013 /* Layout.m in Sources */ = {isa = PBXBuildFile; fileRef = 17A020EA18FA7E8700FA5013 /* Layout.m */; };
		17A0210818FCDA5D00FA5013 /* ALAsset+isEqual.m in Sources */ = {isa = PBXBuildFile; fileRef = 17A020F418FCDA5D00FA5013 /* ALAsset+isEqual.m */; };
		17A0210918FCDA5D00FA5013 /* ALAssetsGroup+isEqual.m in Sources */ = {isa = PBXBuildFile; fileRef = 17A020F618FCDA5D00FA5013 /* ALAssetsGroup+isEqual.m */; };
		17A0210A18FCDA5D00FA5013 /* CTAssetsGroupViewCell.m in Sources */ = {isa = PBXBuildFile; fileRef = 17A020F818FCDA5D00FA5013 /* CTAssetsGroupViewCell.m */; };
		17A0210B18FCDA5E00FA5013 /* CTAssetsGroupViewController.m in Sources */ = {isa = PBXBuildFile; fileRef = 17A020FA18FCDA5D00FA5013 /* CTAssetsGroupViewController.m */; };
		17A0210C18FCDA5E00FA5013 /* CTAssetsPickerConstants.m in Sources */ = {isa = PBXBuildFile; fileRef = 17A020FC18FCDA5D00FA5013 /* CTAssetsPickerConstants.m */; };
		17A0210D18FCDA5E00FA5013 /* CTAssetsPickerController.m in Sources */ = {isa = PBXBuildFile; fileRef = 17A020FE18FCDA5D00FA5013 /* CTAssetsPickerController.m */; };
		17A0210E18FCDA5E00FA5013 /* CTAssetsSupplementaryView.m in Sources */ = {isa = PBXBuildFile; fileRef = 17A0210018FCDA5D00FA5013 /* CTAssetsSupplementaryView.m */; };
		17A0210F18FCDA5E00FA5013 /* CTAssetsViewCell.m in Sources */ = {isa = PBXBuildFile; fileRef = 17A0210218FCDA5D00FA5013 /* CTAssetsViewCell.m */; };
		17A0211018FCDA5E00FA5013 /* CTAssetsViewController.m in Sources */ = {isa = PBXBuildFile; fileRef = 17A0210418FCDA5D00FA5013 /* CTAssetsViewController.m */; };
		17A0211118FCDA5E00FA5013 /* Images.xcassets in Resources */ = {isa = PBXBuildFile; fileRef = 17A0210518FCDA5D00FA5013 /* Images.xcassets */; };
		17A0211218FCDA5E00FA5013 /* NSDate+timeDescription.m in Sources */ = {isa = PBXBuildFile; fileRef = 17A0210718FCDA5D00FA5013 /* NSDate+timeDescription.m */; };
		17A0211918FD0E7600FA5013 /* GalleryDetailController.m in Sources */ = {isa = PBXBuildFile; fileRef = 17A0211818FD0E7600FA5013 /* GalleryDetailController.m */; };
		17A021311900E63D00FA5013 /* SearchViewController.m in Sources */ = {isa = PBXBuildFile; fileRef = 17A0212F1900E63D00FA5013 /* SearchViewController.m */; };
		17A021331900EBD100FA5013 /* SearchViewController_iPad.xib in Resources */ = {isa = PBXBuildFile; fileRef = 17A021351900EBD100FA5013 /* SearchViewController_iPad.xib */; };
		17CE72B219025B240038170A /* SearchViewController_iPhone.xib in Resources */ = {isa = PBXBuildFile; fileRef = 17CE72B419025B240038170A /* SearchViewController_iPhone.xib */; };
		17CE72BB190260060038170A /* AnimatedDismissTransitioning.m in Sources */ = {isa = PBXBuildFile; fileRef = 17CE72BA190260060038170A /* AnimatedDismissTransitioning.m */; };
		17D2035018F7DA1E004A0D5E /* Foundation.framework in Frameworks */ = {isa = PBXBuildFile; fileRef = 17D2034F18F7DA1E004A0D5E /* Foundation.framework */; };
		17D2035218F7DA1E004A0D5E /* CoreGraphics.framework in Frameworks */ = {isa = PBXBuildFile; fileRef = 17D2035118F7DA1E004A0D5E /* CoreGraphics.framework */; };
		17D2035418F7DA1E004A0D5E /* UIKit.framework in Frameworks */ = {isa = PBXBuildFile; fileRef = 17D2035318F7DA1E004A0D5E /* UIKit.framework */; };
		17D2035A18F7DA1E004A0D5E /* InfoPlist.strings in Resources */ = {isa = PBXBuildFile; fileRef = 17D2035818F7DA1E004A0D5E /* InfoPlist.strings */; };
		17D2035C18F7DA1E004A0D5E /* main.m in Sources */ = {isa = PBXBuildFile; fileRef = 17D2035B18F7DA1E004A0D5E /* main.m */; };
		17D2036018F7DA1E004A0D5E /* AppDelegate.m in Sources */ = {isa = PBXBuildFile; fileRef = 17D2035F18F7DA1E004A0D5E /* AppDelegate.m */; };
		17D2036318F7DA1E004A0D5E /* Main_iPhone.storyboard in Resources */ = {isa = PBXBuildFile; fileRef = 17D2036118F7DA1E004A0D5E /* Main_iPhone.storyboard */; };
		17D2036618F7DA1E004A0D5E /* Main_iPad.storyboard in Resources */ = {isa = PBXBuildFile; fileRef = 17D2036418F7DA1E004A0D5E /* Main_iPad.storyboard */; };
		17D2036B18F7DA1E004A0D5E /* Images.xcassets in Resources */ = {isa = PBXBuildFile; fileRef = 17D2036A18F7DA1E004A0D5E /* Images.xcassets */; };
		17D2037218F7DA1E004A0D5E /* XCTest.framework in Frameworks */ = {isa = PBXBuildFile; fileRef = 17D2037118F7DA1E004A0D5E /* XCTest.framework */; };
		17D2037318F7DA1E004A0D5E /* Foundation.framework in Frameworks */ = {isa = PBXBuildFile; fileRef = 17D2034F18F7DA1E004A0D5E /* Foundation.framework */; };
		17D2037418F7DA1E004A0D5E /* UIKit.framework in Frameworks */ = {isa = PBXBuildFile; fileRef = 17D2035318F7DA1E004A0D5E /* UIKit.framework */; };
		17D2037C18F7DA1E004A0D5E /* InfoPlist.strings in Resources */ = {isa = PBXBuildFile; fileRef = 17D2037A18F7DA1E004A0D5E /* InfoPlist.strings */; };
		17D2037E18F7DA1E004A0D5E /* XiaoGuaiGalleryTests.m in Sources */ = {isa = PBXBuildFile; fileRef = 17D2037D18F7DA1E004A0D5E /* XiaoGuaiGalleryTests.m */; };
		17D2038D18F7DBA8004A0D5E /* Localizable.strings in Resources */ = {isa = PBXBuildFile; fileRef = 17D2038F18F7DBA8004A0D5E /* Localizable.strings */; };
/* End PBXBuildFile section */

/* Begin PBXContainerItemProxy section */
		17D2037518F7DA1E004A0D5E /* PBXContainerItemProxy */ = {
			isa = PBXContainerItemProxy;
			containerPortal = 17D2034418F7DA1E004A0D5E /* Project object */;
			proxyType = 1;
			remoteGlobalIDString = 17D2034B18F7DA1E004A0D5E;
			remoteInfo = XiaoGuaiGallery;
		};
/* End PBXContainerItemProxy section */

/* Begin PBXFileReference section */
		1792631418F910F10000F9C7 /* GalleryViewController.h */ = {isa = PBXFileReference; fileEncoding = 4; lastKnownFileType = sourcecode.c.h; path = GalleryViewController.h; sourceTree = "<group>"; };
		1792631518F910F10000F9C7 /* GalleryViewController.m */ = {isa = PBXFileReference; fileEncoding = 4; lastKnownFileType = sourcecode.c.objc; path = GalleryViewController.m; sourceTree = "<group>"; };
		1792633818F93A5D0000F9C7 /* GalleryCell.h */ = {isa = PBXFileReference; fileEncoding = 4; lastKnownFileType = sourcecode.c.h; path = GalleryCell.h; sourceTree = "<group>"; };
		1792633918F93A5D0000F9C7 /* GalleryCell.m */ = {isa = PBXFileReference; fileEncoding = 4; lastKnownFileType = sourcecode.c.objc; path = GalleryCell.m; sourceTree = "<group>"; };
		1792633B18FA57630000F9C7 /* Layout.h */ = {isa = PBXFileReference; lastKnownFileType = sourcecode.c.h; path = Layout.h; sourceTree = "<group>"; };
		1792633C18FA5BCE0000F9C7 /* GalleryPhoto.h */ = {isa = PBXFileReference; fileEncoding = 4; lastKnownFileType = sourcecode.c.h; path = GalleryPhoto.h; sourceTree = "<group>"; };
		1792633D18FA5BCE0000F9C7 /* GalleryPhoto.m */ = {isa = PBXFileReference; fileEncoding = 4; lastKnownFileType = sourcecode.c.objc; path = GalleryPhoto.m; sourceTree = "<group>"; };
		1799983D19021E930018BAB2 /* MBProgressHUD-Prefix.pch */ = {isa = PBXFileReference; fileEncoding = 4; lastKnownFileType = sourcecode.c.h; name = "MBProgressHUD-Prefix.pch"; path = "MBProcessHUD/MBProgressHUD-Prefix.pch"; sourceTree = "<group>"; };
		1799983E19021E930018BAB2 /* MBProgressHUD.h */ = {isa = PBXFileReference; fileEncoding = 4; lastKnownFileType = sourcecode.c.h; name = MBProgressHUD.h; path = MBProcessHUD/MBProgressHUD.h; sourceTree = "<group>"; };
		1799983F19021E930018BAB2 /* MBProgressHUD.m */ = {isa = PBXFileReference; fileEncoding = 4; lastKnownFileType = sourcecode.c.objc; name = MBProgressHUD.m; path = MBProcessHUD/MBProgressHUD.m; sourceTree = "<group>"; };
		179998431902207A0018BAB2 /* 37x-Checkmark.png */ = {isa = PBXFileReference; lastKnownFileType = image.png; path = "37x-Checkmark.png"; sourceTree = "<group>"; };
		179998441902207A0018BAB2 /* 37x-Checkmark@2x.png */ = {isa = PBXFileReference; lastKnownFileType = image.png; path = "37x-Checkmark@2x.png"; sourceTree = "<group>"; };
		179998451902207A0018BAB2 /* Default-568h@2x.png */ = {isa = PBXFileReference; lastKnownFileType = image.png; path = "Default-568h@2x.png"; sourceTree = "<group>"; };
		179998461902207A0018BAB2 /* Default-iOS7-568h@2x.png */ = {isa = PBXFileReference; lastKnownFileType = image.png; path = "Default-iOS7-568h@2x.png"; sourceTree = "<group>"; };
		179998471902207A0018BAB2 /* Default-iOS7@2x.png */ = {isa = PBXFileReference; lastKnownFileType = image.png; path = "Default-iOS7@2x.png"; sourceTree = "<group>"; };
		179998481902207A0018BAB2 /* Default.png */ = {isa = PBXFileReference; lastKnownFileType = image.png; path = Default.png; sourceTree = "<group>"; };
		179998491902207A0018BAB2 /* Default@2x.png */ = {isa = PBXFileReference; lastKnownFileType = image.png; path = "Default@2x.png"; sourceTree = "<group>"; };
		1799984A1902207A0018BAB2 /* Icon-iOS7@2x.png */ = {isa = PBXFileReference; lastKnownFileType = image.png; path = "Icon-iOS7@2x.png"; sourceTree = "<group>"; };
		1799984B1902207A0018BAB2 /* Icon-Small.png */ = {isa = PBXFileReference; lastKnownFileType = image.png; path = "Icon-Small.png"; sourceTree = "<group>"; };
		1799984C1902207A0018BAB2 /* Icon-Small@2x.png */ = {isa = PBXFileReference; lastKnownFileType = image.png; path = "Icon-Small@2x.png"; sourceTree = "<group>"; };
		1799984D1902207A0018BAB2 /* Icon.png */ = {isa = PBXFileReference; lastKnownFileType = image.png; path = Icon.png; sourceTree = "<group>"; };
		1799984E1902207A0018BAB2 /* Icon@2x.png */ = {isa = PBXFileReference; lastKnownFileType = image.png; path = "Icon@2x.png"; sourceTree = "<group>"; };
		179998621902503A0018BAB2 /* AnimatedTransitioning.h */ = {isa = PBXFileReference; fileEncoding = 4; lastKnownFileType = sourcecode.c.h; name = AnimatedTransitioning.h; path = CustomTransition/AnimatedTransitioning.h; sourceTree = "<group>"; };
		179998631902503A0018BAB2 /* AnimatedTransitioning.m */ = {isa = PBXFileReference; fileEncoding = 4; lastKnownFileType = sourcecode.c.objc; name = AnimatedTransitioning.m; path = CustomTransition/AnimatedTransitioning.m; sourceTree = "<group>"; };
		179998641902503A0018BAB2 /* TransitionDelegate.h */ = {isa = PBXFileReference; fileEncoding = 4; lastKnownFileType = sourcecode.c.h; name = TransitionDelegate.h; path = CustomTransition/TransitionDelegate.h; sourceTree = "<group>"; };
		179998651902503A0018BAB2 /* TransitionDelegate.m */ = {isa = PBXFileReference; fileEncoding = 4; lastKnownFileType = sourcecode.c.objc; name = TransitionDelegate.m; path = CustomTransition/TransitionDelegate.m; sourceTree = "<group>"; };
		17A020EA18FA7E8700FA5013 /* Layout.m */ = {isa = PBXFileReference; fileEncoding = 4; lastKnownFileType = sourcecode.c.objc; path = Layout.m; sourceTree = "<group>"; };
		17A020F318FCDA5D00FA5013 /* ALAsset+isEqual.h */ = {isa = PBXFileReference; fileEncoding = 4; lastKnownFileType = sourcecode.c.h; path = "ALAsset+isEqual.h"; sourceTree = "<group>"; };
		17A020F418FCDA5D00FA5013 /* ALAsset+isEqual.m */ = {isa = PBXFileReference; fileEncoding = 4; lastKnownFileType = sourcecode.c.objc; path = "ALAsset+isEqual.m"; sourceTree = "<group>"; };
		17A020F518FCDA5D00FA5013 /* ALAssetsGroup+isEqual.h */ = {isa = PBXFileReference; fileEncoding = 4; lastKnownFileType = sourcecode.c.h; path = "ALAssetsGroup+isEqual.h"; sourceTree = "<group>"; };
		17A020F618FCDA5D00FA5013 /* ALAssetsGroup+isEqual.m */ = {isa = PBXFileReference; fileEncoding = 4; lastKnownFileType = sourcecode.c.objc; path = "ALAssetsGroup+isEqual.m"; sourceTree = "<group>"; };
		17A020F718FCDA5D00FA5013 /* CTAssetsGroupViewCell.h */ = {isa = PBXFileReference; fileEncoding = 4; lastKnownFileType = sourcecode.c.h; path = CTAssetsGroupViewCell.h; sourceTree = "<group>"; };
		17A020F818FCDA5D00FA5013 /* CTAssetsGroupViewCell.m */ = {isa = PBXFileReference; fileEncoding = 4; lastKnownFileType = sourcecode.c.objc; path = CTAssetsGroupViewCell.m; sourceTree = "<group>"; };
		17A020F918FCDA5D00FA5013 /* CTAssetsGroupViewController.h */ = {isa = PBXFileReference; fileEncoding = 4; lastKnownFileType = sourcecode.c.h; path = CTAssetsGroupViewController.h; sourceTree = "<group>"; };
		17A020FA18FCDA5D00FA5013 /* CTAssetsGroupViewController.m */ = {isa = PBXFileReference; fileEncoding = 4; lastKnownFileType = sourcecode.c.objc; path = CTAssetsGroupViewController.m; sourceTree = "<group>"; };
		17A020FB18FCDA5D00FA5013 /* CTAssetsPickerConstants.h */ = {isa = PBXFileReference; fileEncoding = 4; lastKnownFileType = sourcecode.c.h; path = CTAssetsPickerConstants.h; sourceTree = "<group>"; };
		17A020FC18FCDA5D00FA5013 /* CTAssetsPickerConstants.m */ = {isa = PBXFileReference; fileEncoding = 4; lastKnownFileType = sourcecode.c.objc; path = CTAssetsPickerConstants.m; sourceTree = "<group>"; };
		17A020FD18FCDA5D00FA5013 /* CTAssetsPickerController.h */ = {isa = PBXFileReference; fileEncoding = 4; lastKnownFileType = sourcecode.c.h; path = CTAssetsPickerController.h; sourceTree = "<group>"; };
		17A020FE18FCDA5D00FA5013 /* CTAssetsPickerController.m */ = {isa = PBXFileReference; fileEncoding = 4; lastKnownFileType = sourcecode.c.objc; path = CTAssetsPickerController.m; sourceTree = "<group>"; };
		17A020FF18FCDA5D00FA5013 /* CTAssetsSupplementaryView.h */ = {isa = PBXFileReference; fileEncoding = 4; lastKnownFileType = sourcecode.c.h; path = CTAssetsSupplementaryView.h; sourceTree = "<group>"; };
		17A0210018FCDA5D00FA5013 /* CTAssetsSupplementaryView.m */ = {isa = PBXFileReference; fileEncoding = 4; lastKnownFileType = sourcecode.c.objc; path = CTAssetsSupplementaryView.m; sourceTree = "<group>"; };
		17A0210118FCDA5D00FA5013 /* CTAssetsViewCell.h */ = {isa = PBXFileReference; fileEncoding = 4; lastKnownFileType = sourcecode.c.h; path = CTAssetsViewCell.h; sourceTree = "<group>"; };
		17A0210218FCDA5D00FA5013 /* CTAssetsViewCell.m */ = {isa = PBXFileReference; fileEncoding = 4; lastKnownFileType = sourcecode.c.objc; path = CTAssetsViewCell.m; sourceTree = "<group>"; };
		17A0210318FCDA5D00FA5013 /* CTAssetsViewController.h */ = {isa = PBXFileReference; fileEncoding = 4; lastKnownFileType = sourcecode.c.h; path = CTAssetsViewController.h; sourceTree = "<group>"; };
		17A0210418FCDA5D00FA5013 /* CTAssetsViewController.m */ = {isa = PBXFileReference; fileEncoding = 4; lastKnownFileType = sourcecode.c.objc; path = CTAssetsViewController.m; sourceTree = "<group>"; };
		17A0210518FCDA5D00FA5013 /* Images.xcassets */ = {isa = PBXFileReference; lastKnownFileType = folder.assetcatalog; path = Images.xcassets; sourceTree = "<group>"; };
		17A0210618FCDA5D00FA5013 /* NSDate+timeDescription.h */ = {isa = PBXFileReference; fileEncoding = 4; lastKnownFileType = sourcecode.c.h; path = "NSDate+timeDescription.h"; sourceTree = "<group>"; };
		17A0210718FCDA5D00FA5013 /* NSDate+timeDescription.m */ = {isa = PBXFileReference; fileEncoding = 4; lastKnownFileType = sourcecode.c.objc; path = "NSDate+timeDescription.m"; sourceTree = "<group>"; };
		17A0211718FD0E7600FA5013 /* GalleryDetailController.h */ = {isa = PBXFileReference; fileEncoding = 4; lastKnownFileType = sourcecode.c.h; path = GalleryDetailController.h; sourceTree = "<group>"; };
		17A0211818FD0E7600FA5013 /* GalleryDetailController.m */ = {isa = PBXFileReference; fileEncoding = 4; lastKnownFileType = sourcecode.c.objc; path = GalleryDetailController.m; sourceTree = "<group>"; };
		17A0212E1900E63D00FA5013 /* SearchViewController.h */ = {isa = PBXFileReference; fileEncoding = 4; lastKnownFileType = sourcecode.c.h; path = SearchViewController.h; sourceTree = "<group>"; };
		17A0212F1900E63D00FA5013 /* SearchViewController.m */ = {isa = PBXFileReference; fileEncoding = 4; lastKnownFileType = sourcecode.c.objc; path = SearchViewController.m; sourceTree = "<group>"; };
		17A021361900EBEB00FA5013 /* Base */ = {isa = PBXFileReference; lastKnownFileType = file.xib; name = Base; path = Base.lproj/SearchViewController_iPad.xib; sourceTree = "<group>"; };
		17A0213B1900ECEE00FA5013 /* zh-Hans */ = {isa = PBXFileReference; lastKnownFileType = text.plist.strings; name = "zh-Hans"; path = "zh-Hans.lproj/Localizable.strings"; sourceTree = "<group>"; };
		17A0213D1900ED3000FA5013 /* zh-Hans */ = {isa = PBXFileReference; lastKnownFileType = text.plist.strings; name = "zh-Hans"; path = "zh-Hans.lproj/Main_iPad.strings"; sourceTree = "<group>"; };
		17A0213F1900EE5C00FA5013 /* zh-Hans */ = {isa = PBXFileReference; lastKnownFileType = text.plist.strings; name = "zh-Hans"; path = "zh-Hans.lproj/SearchViewController_iPad.strings"; sourceTree = "<group>"; };
		17CE72B319025B240038170A /* Base */ = {isa = PBXFileReference; lastKnownFileType = file.xib; name = Base; path = Base.lproj/SearchViewController_iPhone.xib; sourceTree = "<group>"; };
		17CE72B819025B9B0038170A /* zh-Hans */ = {isa = PBXFileReference; lastKnownFileType = text.plist.strings; name = "zh-Hans"; path = "zh-Hans.lproj/SearchViewController_iPhone.strings"; sourceTree = "<group>"; };
		17CE72B9190260060038170A /* AnimatedDismissTransitioning.h */ = {isa = PBXFileReference; fileEncoding = 4; lastKnownFileType = sourcecode.c.h; path = AnimatedDismissTransitioning.h; sourceTree = "<group>"; };
		17CE72BA190260060038170A /* AnimatedDismissTransitioning.m */ = {isa = PBXFileReference; fileEncoding = 4; lastKnownFileType = sourcecode.c.objc; path = AnimatedDismissTransitioning.m; sourceTree = "<group>"; };
		17D2034C18F7DA1E004A0D5E /* XiaoGuaiGallery.app */ = {isa = PBXFileReference; explicitFileType = wrapper.application; includeInIndex = 0; path = XiaoGuaiGallery.app; sourceTree = BUILT_PRODUCTS_DIR; };
		17D2034F18F7DA1E004A0D5E /* Foundation.framework */ = {isa = PBXFileReference; lastKnownFileType = wrapper.framework; name = Foundation.framework; path = System/Library/Frameworks/Foundation.framework; sourceTree = SDKROOT; };
		17D2035118F7DA1E004A0D5E /* CoreGraphics.framework */ = {isa = PBXFileReference; lastKnownFileType = wrapper.framework; name = CoreGraphics.framework; path = System/Library/Frameworks/CoreGraphics.framework; sourceTree = SDKROOT; };
		17D2035318F7DA1E004A0D5E /* UIKit.framework */ = {isa = PBXFileReference; lastKnownFileType = wrapper.framework; name = UIKit.framework; path = System/Library/Frameworks/UIKit.framework; sourceTree = SDKROOT; };
		17D2035718F7DA1E004A0D5E /* XiaoGuaiGallery-Info.plist */ = {isa = PBXFileReference; lastKnownFileType = text.plist.xml; path = "XiaoGuaiGallery-Info.plist"; sourceTree = "<group>"; };
		17D2035918F7DA1E004A0D5E /* en */ = {isa = PBXFileReference; lastKnownFileType = text.plist.strings; name = en; path = en.lproj/InfoPlist.strings; sourceTree = "<group>"; };
		17D2035B18F7DA1E004A0D5E /* main.m */ = {isa = PBXFileReference; lastKnownFileType = sourcecode.c.objc; path = main.m; sourceTree = "<group>"; };
		17D2035D18F7DA1E004A0D5E /* XiaoGuaiGallery-Prefix.pch */ = {isa = PBXFileReference; lastKnownFileType = sourcecode.c.h; path = "XiaoGuaiGallery-Prefix.pch"; sourceTree = "<group>"; };
		17D2035E18F7DA1E004A0D5E /* AppDelegate.h */ = {isa = PBXFileReference; lastKnownFileType = sourcecode.c.h; path = AppDelegate.h; sourceTree = "<group>"; };
		17D2035F18F7DA1E004A0D5E /* AppDelegate.m */ = {isa = PBXFileReference; lastKnownFileType = sourcecode.c.objc; path = AppDelegate.m; sourceTree = "<group>"; };
		17D2036218F7DA1E004A0D5E /* Base */ = {isa = PBXFileReference; lastKnownFileType = file.storyboard; name = Base; path = Base.lproj/Main_iPhone.storyboard; sourceTree = "<group>"; };
		17D2036518F7DA1E004A0D5E /* Base */ = {isa = PBXFileReference; lastKnownFileType = file.storyboard; name = Base; path = Base.lproj/Main_iPad.storyboard; sourceTree = "<group>"; };
		17D2036A18F7DA1E004A0D5E /* Images.xcassets */ = {isa = PBXFileReference; lastKnownFileType = folder.assetcatalog; path = Images.xcassets; sourceTree = "<group>"; };
		17D2037018F7DA1E004A0D5E /* XiaoGuaiGalleryTests.xctest */ = {isa = PBXFileReference; explicitFileType = wrapper.cfbundle; includeInIndex = 0; path = XiaoGuaiGalleryTests.xctest; sourceTree = BUILT_PRODUCTS_DIR; };
		17D2037118F7DA1E004A0D5E /* XCTest.framework */ = {isa = PBXFileReference; lastKnownFileType = wrapper.framework; name = XCTest.framework; path = Library/Frameworks/XCTest.framework; sourceTree = DEVELOPER_DIR; };
		17D2037918F7DA1E004A0D5E /* XiaoGuaiGalleryTests-Info.plist */ = {isa = PBXFileReference; lastKnownFileType = text.plist.xml; path = "XiaoGuaiGalleryTests-Info.plist"; sourceTree = "<group>"; };
		17D2037B18F7DA1E004A0D5E /* en */ = {isa = PBXFileReference; lastKnownFileType = text.plist.strings; name = en; path = en.lproj/InfoPlist.strings; sourceTree = "<group>"; };
		17D2037D18F7DA1E004A0D5E /* XiaoGuaiGalleryTests.m */ = {isa = PBXFileReference; lastKnownFileType = sourcecode.c.objc; path = XiaoGuaiGalleryTests.m; sourceTree = "<group>"; };
		17D2038918F7DB67004A0D5E /* zh-Hans */ = {isa = PBXFileReference; lastKnownFileType = text.plist.strings; name = "zh-Hans"; path = "zh-Hans.lproj/Main_iPhone.strings"; sourceTree = "<group>"; };
		17D2038B18F7DB67004A0D5E /* zh-Hans */ = {isa = PBXFileReference; lastKnownFileType = text.plist.strings; name = "zh-Hans"; path = "zh-Hans.lproj/InfoPlist.strings"; sourceTree = "<group>"; };
		17D2038C18F7DB67004A0D5E /* zh-Hans */ = {isa = PBXFileReference; lastKnownFileType = text.plist.strings; name = "zh-Hans"; path = "zh-Hans.lproj/InfoPlist.strings"; sourceTree = "<group>"; };
		17D2038E18F7DBA8004A0D5E /* Base */ = {isa = PBXFileReference; lastKnownFileType = text.plist.strings; name = Base; path = Base.lproj/Localizable.strings; sourceTree = "<group>"; };
/* End PBXFileReference section */

/* Begin PBXFrameworksBuildPhase section */
		17D2034918F7DA1E004A0D5E /* Frameworks */ = {
			isa = PBXFrameworksBuildPhase;
			buildActionMask = 2147483647;
			files = (
				17D2035218F7DA1E004A0D5E /* CoreGraphics.framework in Frameworks */,
				17D2035418F7DA1E004A0D5E /* UIKit.framework in Frameworks */,
				17D2035018F7DA1E004A0D5E /* Foundation.framework in Frameworks */,
			);
			runOnlyForDeploymentPostprocessing = 0;
		};
		17D2036D18F7DA1E004A0D5E /* Frameworks */ = {
			isa = PBXFrameworksBuildPhase;
			buildActionMask = 2147483647;
			files = (
				17D2037218F7DA1E004A0D5E /* XCTest.framework in Frameworks */,
				17D2037418F7DA1E004A0D5E /* UIKit.framework in Frameworks */,
				17D2037318F7DA1E004A0D5E /* Foundation.framework in Frameworks */,
			);
			runOnlyForDeploymentPostprocessing = 0;
		};
/* End PBXFrameworksBuildPhase section */

/* Begin PBXGroup section */
		1792631318F9001E0000F9C7 /* XiaoGuaiPicker */ = {
			isa = PBXGroup;
			children = (
			);
			name = XiaoGuaiPicker;
			sourceTree = "<group>";
		};
		1799983C19021DCF0018BAB2 /* MBProcessHUD */ = {
			isa = PBXGroup;
			children = (
				1799983D19021E930018BAB2 /* MBProgressHUD-Prefix.pch */,
				1799983E19021E930018BAB2 /* MBProgressHUD.h */,
				1799983F19021E930018BAB2 /* MBProgressHUD.m */,
			);
			name = MBProcessHUD;
			sourceTree = "<group>";
		};
		179998411902206A0018BAB2 /* Resources */ = {
			isa = PBXGroup;
			children = (
				17999842190220790018BAB2 /* images */,
			);
			name = Resources;
			sourceTree = "<group>";
		};
		17999842190220790018BAB2 /* images */ = {
			isa = PBXGroup;
			children = (
				179998431902207A0018BAB2 /* 37x-Checkmark.png */,
				179998441902207A0018BAB2 /* 37x-Checkmark@2x.png */,
				179998451902207A0018BAB2 /* Default-568h@2x.png */,
				179998461902207A0018BAB2 /* Default-iOS7-568h@2x.png */,
				179998471902207A0018BAB2 /* Default-iOS7@2x.png */,
				179998481902207A0018BAB2 /* Default.png */,
				179998491902207A0018BAB2 /* Default@2x.png */,
				1799984A1902207A0018BAB2 /* Icon-iOS7@2x.png */,
				1799984B1902207A0018BAB2 /* Icon-Small.png */,
				1799984C1902207A0018BAB2 /* Icon-Small@2x.png */,
				1799984D1902207A0018BAB2 /* Icon.png */,
				1799984E1902207A0018BAB2 /* Icon@2x.png */,
			);
			name = images;
			path = Resources/images;
			sourceTree = "<group>";
		};
		1799986119024FDB0018BAB2 /* CustomTransition */ = {
			isa = PBXGroup;
			children = (
				179998621902503A0018BAB2 /* AnimatedTransitioning.h */,
				179998631902503A0018BAB2 /* AnimatedTransitioning.m */,
				179998641902503A0018BAB2 /* TransitionDelegate.h */,
				179998651902503A0018BAB2 /* TransitionDelegate.m */,
				17CE72B9190260060038170A /* AnimatedDismissTransitioning.h */,
				17CE72BA190260060038170A /* AnimatedDismissTransitioning.m */,
			);
			name = CustomTransition;
			sourceTree = "<group>";
		};
		17A020F218FCDA5D00FA5013 /* CTAssetsPickerController */ = {
			isa = PBXGroup;
			children = (
				17A020F318FCDA5D00FA5013 /* ALAsset+isEqual.h */,
				17A020F418FCDA5D00FA5013 /* ALAsset+isEqual.m */,
				17A020F518FCDA5D00FA5013 /* ALAssetsGroup+isEqual.h */,
				17A020F618FCDA5D00FA5013 /* ALAssetsGroup+isEqual.m */,
				17A020F718FCDA5D00FA5013 /* CTAssetsGroupViewCell.h */,
				17A020F818FCDA5D00FA5013 /* CTAssetsGroupViewCell.m */,
				17A020F918FCDA5D00FA5013 /* CTAssetsGroupViewController.h */,
				17A020FA18FCDA5D00FA5013 /* CTAssetsGroupViewController.m */,
				17A020FB18FCDA5D00FA5013 /* CTAssetsPickerConstants.h */,
				17A020FC18FCDA5D00FA5013 /* CTAssetsPickerConstants.m */,
				17A020FD18FCDA5D00FA5013 /* CTAssetsPickerController.h */,
				17A020FE18FCDA5D00FA5013 /* CTAssetsPickerController.m */,
				17A020FF18FCDA5D00FA5013 /* CTAssetsSupplementaryView.h */,
				17A0210018FCDA5D00FA5013 /* CTAssetsSupplementaryView.m */,
				17A0210118FCDA5D00FA5013 /* CTAssetsViewCell.h */,
				17A0210218FCDA5D00FA5013 /* CTAssetsViewCell.m */,
				17A0210318FCDA5D00FA5013 /* CTAssetsViewController.h */,
				17A0210418FCDA5D00FA5013 /* CTAssetsViewController.m */,
				17A0210518FCDA5D00FA5013 /* Images.xcassets */,
				17A0210618FCDA5D00FA5013 /* NSDate+timeDescription.h */,
				17A0210718FCDA5D00FA5013 /* NSDate+timeDescription.m */,
			);
			path = CTAssetsPickerController;
			sourceTree = "<group>";
		};
		17D2034318F7DA1E004A0D5E = {
			isa = PBXGroup;
			children = (
				179998411902206A0018BAB2 /* Resources */,
				1799983C19021DCF0018BAB2 /* MBProcessHUD */,
				17A020F218FCDA5D00FA5013 /* CTAssetsPickerController */,
				1792631318F9001E0000F9C7 /* XiaoGuaiPicker */,
				1799986119024FDB0018BAB2 /* CustomTransition */,
				17D2035518F7DA1E004A0D5E /* XiaoGuaiGallery */,
				17D2037718F7DA1E004A0D5E /* XiaoGuaiGalleryTests */,
				17D2034E18F7DA1E004A0D5E /* Frameworks */,
				17D2034D18F7DA1E004A0D5E /* Products */,
			);
			sourceTree = "<group>";
		};
		17D2034D18F7DA1E004A0D5E /* Products */ = {
			isa = PBXGroup;
			children = (
				17D2034C18F7DA1E004A0D5E /* XiaoGuaiGallery.app */,
				17D2037018F7DA1E004A0D5E /* XiaoGuaiGalleryTests.xctest */,
			);
			name = Products;
			sourceTree = "<group>";
		};
		17D2034E18F7DA1E004A0D5E /* Frameworks */ = {
			isa = PBXGroup;
			children = (
				17D2034F18F7DA1E004A0D5E /* Foundation.framework */,
				17D2035118F7DA1E004A0D5E /* CoreGraphics.framework */,
				17D2035318F7DA1E004A0D5E /* UIKit.framework */,
				17D2037118F7DA1E004A0D5E /* XCTest.framework */,
			);
			name = Frameworks;
			sourceTree = "<group>";
		};
		17D2035518F7DA1E004A0D5E /* XiaoGuaiGallery */ = {
			isa = PBXGroup;
			children = (
				1792633C18FA5BCE0000F9C7 /* GalleryPhoto.h */,
				1792633D18FA5BCE0000F9C7 /* GalleryPhoto.m */,
				17D2035E18F7DA1E004A0D5E /* AppDelegate.h */,
				17D2035F18F7DA1E004A0D5E /* AppDelegate.m */,
				17A0212E1900E63D00FA5013 /* SearchViewController.h */,
				17A0212F1900E63D00FA5013 /* SearchViewController.m */,
				17A021351900EBD100FA5013 /* SearchViewController_iPad.xib */,
				17CE72B419025B240038170A /* SearchViewController_iPhone.xib */,
				17D2036118F7DA1E004A0D5E /* Main_iPhone.storyboard */,
				17D2036418F7DA1E004A0D5E /* Main_iPad.storyboard */,
				1792633B18FA57630000F9C7 /* Layout.h */,
				17A020EA18FA7E8700FA5013 /* Layout.m */,
				1792631418F910F10000F9C7 /* GalleryViewController.h */,
				1792631518F910F10000F9C7 /* GalleryViewController.m */,
				17A0211718FD0E7600FA5013 /* GalleryDetailController.h */,
				17A0211818FD0E7600FA5013 /* GalleryDetailController.m */,
				1792633818F93A5D0000F9C7 /* GalleryCell.h */,
				1792633918F93A5D0000F9C7 /* GalleryCell.m */,
				17D2036A18F7DA1E004A0D5E /* Images.xcassets */,
				17D2035618F7DA1E004A0D5E /* Supporting Files */,
			);
			path = XiaoGuaiGallery;
			sourceTree = "<group>";
		};
		17D2035618F7DA1E004A0D5E /* Supporting Files */ = {
			isa = PBXGroup;
			children = (
				17D2038F18F7DBA8004A0D5E /* Localizable.strings */,
				17D2035718F7DA1E004A0D5E /* XiaoGuaiGallery-Info.plist */,
				17D2035818F7DA1E004A0D5E /* InfoPlist.strings */,
				17D2035B18F7DA1E004A0D5E /* main.m */,
				17D2035D18F7DA1E004A0D5E /* XiaoGuaiGallery-Prefix.pch */,
			);
			name = "Supporting Files";
			sourceTree = "<group>";
		};
		17D2037718F7DA1E004A0D5E /* XiaoGuaiGalleryTests */ = {
			isa = PBXGroup;
			children = (
				17D2037D18F7DA1E004A0D5E /* XiaoGuaiGalleryTests.m */,
				17D2037818F7DA1E004A0D5E /* Supporting Files */,
			);
			path = XiaoGuaiGalleryTests;
			sourceTree = "<group>";
		};
		17D2037818F7DA1E004A0D5E /* Supporting Files */ = {
			isa = PBXGroup;
			children = (
				17D2037918F7DA1E004A0D5E /* XiaoGuaiGalleryTests-Info.plist */,
				17D2037A18F7DA1E004A0D5E /* InfoPlist.strings */,
			);
			name = "Supporting Files";
			sourceTree = "<group>";
		};
/* End PBXGroup section */

/* Begin PBXNativeTarget section */
		17D2034B18F7DA1E004A0D5E /* XiaoGuaiGallery */ = {
			isa = PBXNativeTarget;
			buildConfigurationList = 17D2038118F7DA1E004A0D5E /* Build configuration list for PBXNativeTarget "XiaoGuaiGallery" */;
			buildPhases = (
				17D2034818F7DA1E004A0D5E /* Sources */,
				17D2034918F7DA1E004A0D5E /* Frameworks */,
				17D2034A18F7DA1E004A0D5E /* Resources */,
			);
			buildRules = (
			);
			dependencies = (
			);
			name = XiaoGuaiGallery;
			productName = XiaoGuaiGallery;
			productReference = 17D2034C18F7DA1E004A0D5E /* XiaoGuaiGallery.app */;
			productType = "com.apple.product-type.application";
		};
		17D2036F18F7DA1E004A0D5E /* XiaoGuaiGalleryTests */ = {
			isa = PBXNativeTarget;
			buildConfigurationList = 17D2038418F7DA1E004A0D5E /* Build configuration list for PBXNativeTarget "XiaoGuaiGalleryTests" */;
			buildPhases = (
				17D2036C18F7DA1E004A0D5E /* Sources */,
				17D2036D18F7DA1E004A0D5E /* Frameworks */,
				17D2036E18F7DA1E004A0D5E /* Resources */,
			);
			buildRules = (
			);
			dependencies = (
				17D2037618F7DA1E004A0D5E /* PBXTargetDependency */,
			);
			name = XiaoGuaiGalleryTests;
			productName = XiaoGuaiGalleryTests;
			productReference = 17D2037018F7DA1E004A0D5E /* XiaoGuaiGalleryTests.xctest */;
			productType = "com.apple.product-type.bundle.unit-test";
		};
/* End PBXNativeTarget section */

/* Begin PBXProject section */
		17D2034418F7DA1E004A0D5E /* Project object */ = {
			isa = PBXProject;
			attributes = {
				LastUpgradeCheck = 0510;
				ORGANIZATIONNAME = nju;
				TargetAttributes = {
					17D2034B18F7DA1E004A0D5E = {
						DevelopmentTeam = S427BCY298;
						SystemCapabilities = {
							com.apple.iCloud = {
								enabled = 0;
							};
						};
					};
					17D2036F18F7DA1E004A0D5E = {
						TestTargetID = 17D2034B18F7DA1E004A0D5E;
					};
				};
			};
			buildConfigurationList = 17D2034718F7DA1E004A0D5E /* Build configuration list for PBXProject "XiaoGuaiGallery" */;
			compatibilityVersion = "Xcode 3.2";
			developmentRegion = English;
			hasScannedForEncodings = 0;
			knownRegions = (
				en,
				Base,
				"zh-Hans",
			);
			mainGroup = 17D2034318F7DA1E004A0D5E;
			productRefGroup = 17D2034D18F7DA1E004A0D5E /* Products */;
			projectDirPath = "";
			projectRoot = "";
			targets = (
				17D2034B18F7DA1E004A0D5E /* XiaoGuaiGallery */,
				17D2036F18F7DA1E004A0D5E /* XiaoGuaiGalleryTests */,
			);
		};
/* End PBXProject section */

/* Begin PBXResourcesBuildPhase section */
		17D2034A18F7DA1E004A0D5E /* Resources */ = {
			isa = PBXResourcesBuildPhase;
			buildActionMask = 2147483647;
			files = (
				179998591902207A0018BAB2 /* Icon.png in Resources */,
				179998571902207A0018BAB2 /* Icon-Small.png in Resources */,
				179998561902207A0018BAB2 /* Icon-iOS7@2x.png in Resources */,
				17D2038D18F7DBA8004A0D5E /* Localizable.strings in Resources */,
				17D2036618F7DA1E004A0D5E /* Main_iPad.storyboard in Resources */,
				179998581902207A0018BAB2 /* Icon-Small@2x.png in Resources */,
				17D2036B18F7DA1E004A0D5E /* Images.xcassets in Resources */,
				179998511902207A0018BAB2 /* Default-568h@2x.png in Resources */,
				179998531902207A0018BAB2 /* Default-iOS7@2x.png in Resources */,
				17A021331900EBD100FA5013 /* SearchViewController_iPad.xib in Resources */,
				1799984F1902207A0018BAB2 /* 37x-Checkmark.png in Resources */,
				179998541902207A0018BAB2 /* Default.png in Resources */,
				179998501902207A0018BAB2 /* 37x-Checkmark@2x.png in Resources */,
				17D2036318F7DA1E004A0D5E /* Main_iPhone.storyboard in Resources */,
				17A0211118FCDA5E00FA5013 /* Images.xcassets in Resources */,
				1799985A1902207A0018BAB2 /* Icon@2x.png in Resources */,
				17CE72B219025B240038170A /* SearchViewController_iPhone.xib in Resources */,
				179998521902207A0018BAB2 /* Default-iOS7-568h@2x.png in Resources */,
				179998551902207A0018BAB2 /* Default@2x.png in Resources */,
				17D2035A18F7DA1E004A0D5E /* InfoPlist.strings in Resources */,
			);
			runOnlyForDeploymentPostprocessing = 0;
		};
		17D2036E18F7DA1E004A0D5E /* Resources */ = {
			isa = PBXResourcesBuildPhase;
			buildActionMask = 2147483647;
			files = (
				17D2037C18F7DA1E004A0D5E /* InfoPlist.strings in Resources */,
			);
			runOnlyForDeploymentPostprocessing = 0;
		};
/* End PBXResourcesBuildPhase section */

/* Begin PBXSourcesBuildPhase section */
		17D2034818F7DA1E004A0D5E /* Sources */ = {
			isa = PBXSourcesBuildPhase;
			buildActionMask = 2147483647;
			files = (
				17A0211218FCDA5E00FA5013 /* NSDate+timeDescription.m in Sources */,
				17A0210E18FCDA5E00FA5013 /* CTAssetsSupplementaryView.m in Sources */,
				17A0210B18FCDA5E00FA5013 /* CTAssetsGroupViewController.m in Sources */,
				17A0210F18FCDA5E00FA5013 /* CTAssetsViewCell.m in Sources */,
				17A0210A18FCDA5D00FA5013 /* CTAssetsGroupViewCell.m in Sources */,
				1792631618F910F10000F9C7 /* GalleryViewController.m in Sources */,
				17A0210818FCDA5D00FA5013 /* ALAsset+isEqual.m in Sources */,
				1799984019021E930018BAB2 /* MBProgressHUD.m in Sources */,
				17D2036018F7DA1E004A0D5E /* AppDelegate.m in Sources */,
				17A021311900E63D00FA5013 /* SearchViewController.m in Sources */,
				179998661902503A0018BAB2 /* AnimatedTransitioning.m in Sources */,
				1792633E18FA5BCE0000F9C7 /* GalleryPhoto.m in Sources */,
				17A0211918FD0E7600FA5013 /* GalleryDetailController.m in Sources */,
				17A020EB18FA7E8700FA5013 /* Layout.m in Sources */,
				179998671902503A0018BAB2 /* TransitionDelegate.m in Sources */,
				17CE72BB190260060038170A /* AnimatedDismissTransitioning.m in Sources */,
				17A0210C18FCDA5E00FA5013 /* CTAssetsPickerConstants.m in Sources */,
				17D2035C18F7DA1E004A0D5E /* main.m in Sources */,
				17A0210D18FCDA5E00FA5013 /* CTAssetsPickerController.m in Sources */,
				17A0210918FCDA5D00FA5013 /* ALAssetsGroup+isEqual.m in Sources */,
				1792633A18F93A5D0000F9C7 /* GalleryCell.m in Sources */,
				17A0211018FCDA5E00FA5013 /* CTAssetsViewController.m in Sources */,
			);
			runOnlyForDeploymentPostprocessing = 0;
		};
		17D2036C18F7DA1E004A0D5E /* Sources */ = {
			isa = PBXSourcesBuildPhase;
			buildActionMask = 2147483647;
			files = (
				17D2037E18F7DA1E004A0D5E /* XiaoGuaiGalleryTests.m in Sources */,
			);
			runOnlyForDeploymentPostprocessing = 0;
		};
/* End PBXSourcesBuildPhase section */

/* Begin PBXTargetDependency section */
		17D2037618F7DA1E004A0D5E /* PBXTargetDependency */ = {
			isa = PBXTargetDependency;
			target = 17D2034B18F7DA1E004A0D5E /* XiaoGuaiGallery */;
			targetProxy = 17D2037518F7DA1E004A0D5E /* PBXContainerItemProxy */;
		};
/* End PBXTargetDependency section */

/* Begin PBXVariantGroup section */
		17A021351900EBD100FA5013 /* SearchViewController_iPad.xib */ = {
			isa = PBXVariantGroup;
			children = (
				17A021361900EBEB00FA5013 /* Base */,
				17A0213F1900EE5C00FA5013 /* zh-Hans */,
			);
			name = SearchViewController_iPad.xib;
			sourceTree = "<group>";
		};
		17CE72B419025B240038170A /* SearchViewController_iPhone.xib */ = {
			isa = PBXVariantGroup;
			children = (
				17CE72B319025B240038170A /* Base */,
				17CE72B819025B9B0038170A /* zh-Hans */,
			);
			name = SearchViewController_iPhone.xib;
			sourceTree = "<group>";
		};
		17D2035818F7DA1E004A0D5E /* InfoPlist.strings */ = {
			isa = PBXVariantGroup;
			children = (
				17D2035918F7DA1E004A0D5E /* en */,
				17D2038B18F7DB67004A0D5E /* zh-Hans */,
			);
			name = InfoPlist.strings;
			sourceTree = "<group>";
		};
		17D2036118F7DA1E004A0D5E /* Main_iPhone.storyboard */ = {
			isa = PBXVariantGroup;
			children = (
				17D2036218F7DA1E004A0D5E /* Base */,
				17D2038918F7DB67004A0D5E /* zh-Hans */,
			);
			name = Main_iPhone.storyboard;
			sourceTree = "<group>";
		};
		17D2036418F7DA1E004A0D5E /* Main_iPad.storyboard */ = {
			isa = PBXVariantGroup;
			children = (
				17D2036518F7DA1E004A0D5E /* Base */,
				17A0213D1900ED3000FA5013 /* zh-Hans */,
			);
			name = Main_iPad.storyboard;
			sourceTree = "<group>";
		};
		17D2037A18F7DA1E004A0D5E /* InfoPlist.strings */ = {
			isa = PBXVariantGroup;
			children = (
				17D2037B18F7DA1E004A0D5E /* en */,
				17D2038C18F7DB67004A0D5E /* zh-Hans */,
			);
			name = InfoPlist.strings;
			sourceTree = "<group>";
		};
		17D2038F18F7DBA8004A0D5E /* Localizable.strings */ = {
			isa = PBXVariantGroup;
			children = (
				17D2038E18F7DBA8004A0D5E /* Base */,
				17A0213B1900ECEE00FA5013 /* zh-Hans */,
			);
			name = Localizable.strings;
			sourceTree = "<group>";
		};
/* End PBXVariantGroup section */

/* Begin XCBuildConfiguration section */
		17D2037F18F7DA1E004A0D5E /* Debug */ = {
			isa = XCBuildConfiguration;
			buildSettings = {
				ALWAYS_SEARCH_USER_PATHS = NO;
				CLANG_CXX_LANGUAGE_STANDARD = "gnu++0x";
				CLANG_CXX_LIBRARY = "libc++";
				CLANG_ENABLE_MODULES = YES;
				CLANG_ENABLE_OBJC_ARC = YES;
				CLANG_WARN_BOOL_CONVERSION = YES;
				CLANG_WARN_CONSTANT_CONVERSION = YES;
				CLANG_WARN_DIRECT_OBJC_ISA_USAGE = YES_ERROR;
				CLANG_WARN_EMPTY_BODY = YES;
				CLANG_WARN_ENUM_CONVERSION = YES;
				CLANG_WARN_INT_CONVERSION = YES;
				CLANG_WARN_OBJC_ROOT_CLASS = YES_ERROR;
				CLANG_WARN__DUPLICATE_METHOD_MATCH = YES;
				"CODE_SIGN_IDENTITY[sdk=iphoneos*]" = "iPhone Developer";
				COPY_PHASE_STRIP = NO;
				GCC_C_LANGUAGE_STANDARD = gnu99;
				GCC_DYNAMIC_NO_PIC = NO;
				GCC_OPTIMIZATION_LEVEL = 0;
				GCC_PREPROCESSOR_DEFINITIONS = (
					"DEBUG=1",
					"$(inherited)",
				);
				GCC_SYMBOLS_PRIVATE_EXTERN = NO;
				GCC_WARN_64_TO_32_BIT_CONVERSION = YES;
				GCC_WARN_ABOUT_RETURN_TYPE = YES_ERROR;
				GCC_WARN_UNDECLARED_SELECTOR = YES;
				GCC_WARN_UNINITIALIZED_AUTOS = YES_AGGRESSIVE;
				GCC_WARN_UNUSED_FUNCTION = YES;
				GCC_WARN_UNUSED_VARIABLE = YES;
				IPHONEOS_DEPLOYMENT_TARGET = 7.0;
				ONLY_ACTIVE_ARCH = YES;
				SDKROOT = iphoneos;
				TARGETED_DEVICE_FAMILY = "1,2";
			};
			name = Debug;
		};
		17D2038018F7DA1E004A0D5E /* Release */ = {
			isa = XCBuildConfiguration;
			buildSettings = {
				ALWAYS_SEARCH_USER_PATHS = NO;
				CLANG_CXX_LANGUAGE_STANDARD = "gnu++0x";
				CLANG_CXX_LIBRARY = "libc++";
				CLANG_ENABLE_MODULES = YES;
				CLANG_ENABLE_OBJC_ARC = YES;
				CLANG_WARN_BOOL_CONVERSION = YES;
				CLANG_WARN_CONSTANT_CONVERSION = YES;
				CLANG_WARN_DIRECT_OBJC_ISA_USAGE = YES_ERROR;
				CLANG_WARN_EMPTY_BODY = YES;
				CLANG_WARN_ENUM_CONVERSION = YES;
				CLANG_WARN_INT_CONVERSION = YES;
				CLANG_WARN_OBJC_ROOT_CLASS = YES_ERROR;
				CLANG_WARN__DUPLICATE_METHOD_MATCH = YES;
				"CODE_SIGN_IDENTITY[sdk=iphoneos*]" = "iPhone Developer";
				COPY_PHASE_STRIP = YES;
				ENABLE_NS_ASSERTIONS = NO;
				GCC_C_LANGUAGE_STANDARD = gnu99;
				GCC_WARN_64_TO_32_BIT_CONVERSION = YES;
				GCC_WARN_ABOUT_RETURN_TYPE = YES_ERROR;
				GCC_WARN_UNDECLARED_SELECTOR = YES;
				GCC_WARN_UNINITIALIZED_AUTOS = YES_AGGRESSIVE;
				GCC_WARN_UNUSED_FUNCTION = YES;
				GCC_WARN_UNUSED_VARIABLE = YES;
				IPHONEOS_DEPLOYMENT_TARGET = 7.0;
				SDKROOT = iphoneos;
				TARGETED_DEVICE_FAMILY = "1,2";
				VALIDATE_PRODUCT = YES;
			};
			name = Release;
		};
		17D2038218F7DA1E004A0D5E /* Debug */ = {
			isa = XCBuildConfiguration;
			buildSettings = {
				ASSETCATALOG_COMPILER_APPICON_NAME = AppIcon;
				ASSETCATALOG_COMPILER_LAUNCHIMAGE_NAME = LaunchImage;
				CODE_SIGN_IDENTITY = "iPhone Developer";
				"CODE_SIGN_IDENTITY[sdk=iphoneos*]" = "iPhone Developer";
				GCC_PRECOMPILE_PREFIX_HEADER = YES;
				GCC_PREFIX_HEADER = "XiaoGuaiGallery/XiaoGuaiGallery-Prefix.pch";
				INFOPLIST_FILE = "XiaoGuaiGallery/XiaoGuaiGallery-Info.plist";
				PRODUCT_NAME = "$(TARGET_NAME)";
				PROVISIONING_PROFILE = "";
				WRAPPER_EXTENSION = app;
			};
			name = Debug;
		};
		17D2038318F7DA1E004A0D5E /* Release */ = {
			isa = XCBuildConfiguration;
			buildSettings = {
				ASSETCATALOG_COMPILER_APPICON_NAME = AppIcon;
				ASSETCATALOG_COMPILER_LAUNCHIMAGE_NAME = LaunchImage;
				CODE_SIGN_IDENTITY = "iPhone Developer";
				"CODE_SIGN_IDENTITY[sdk=iphoneos*]" = "iPhone Developer";
				GCC_PRECOMPILE_PREFIX_HEADER = YES;
				GCC_PREFIX_HEADER = "XiaoGuaiGallery/XiaoGuaiGallery-Prefix.pch";
				INFOPLIST_FILE = "XiaoGuaiGallery/XiaoGuaiGallery-Info.plist";
				PRODUCT_NAME = "$(TARGET_NAME)";
				PROVISIONING_PROFILE = "";
				WRAPPER_EXTENSION = app;
			};
			name = Release;
		};
		17D2038518F7DA1E004A0D5E /* Debug */ = {
			isa = XCBuildConfiguration;
			buildSettings = {
				BUNDLE_LOADER = "$(BUILT_PRODUCTS_DIR)/XiaoGuaiGallery.app/XiaoGuaiGallery";
				FRAMEWORK_SEARCH_PATHS = (
					"$(SDKROOT)/Developer/Library/Frameworks",
					"$(inherited)",
					"$(DEVELOPER_FRAMEWORKS_DIR)",
				);
				GCC_PRECOMPILE_PREFIX_HEADER = YES;
				GCC_PREFIX_HEADER = "XiaoGuaiGallery/XiaoGuaiGallery-Prefix.pch";
				GCC_PREPROCESSOR_DEFINITIONS = (
					"DEBUG=1",
					"$(inherited)",
				);
				INFOPLIST_FILE = "XiaoGuaiGalleryTests/XiaoGuaiGalleryTests-Info.plist";
				PRODUCT_NAME = "$(TARGET_NAME)";
				TEST_HOST = "$(BUNDLE_LOADER)";
				WRAPPER_EXTENSION = xctest;
			};
			name = Debug;
		};
		17D2038618F7DA1E004A0D5E /* Release */ = {
			isa = XCBuildConfiguration;
			buildSettings = {
				BUNDLE_LOADER = "$(BUILT_PRODUCTS_DIR)/XiaoGuaiGallery.app/XiaoGuaiGallery";
				FRAMEWORK_SEARCH_PATHS = (
					"$(SDKROOT)/Developer/Library/Frameworks",
					"$(inherited)",
					"$(DEVELOPER_FRAMEWORKS_DIR)",
				);
				GCC_PRECOMPILE_PREFIX_HEADER = YES;
				GCC_PREFIX_HEADER = "XiaoGuaiGallery/XiaoGuaiGallery-Prefix.pch";
				INFOPLIST_FILE = "XiaoGuaiGalleryTests/XiaoGuaiGalleryTests-Info.plist";
				PRODUCT_NAME = "$(TARGET_NAME)";
				TEST_HOST = "$(BUNDLE_LOADER)";
				WRAPPER_EXTENSION = xctest;
			};
			name = Release;
		};
/* End XCBuildConfiguration section */

/* Begin XCConfigurationList section */
		17D2034718F7DA1E004A0D5E /* Build configuration list for PBXProject "XiaoGuaiGallery" */ = {
			isa = XCConfigurationList;
			buildConfigurations = (
				17D2037F18F7DA1E004A0D5E /* Debug */,
				17D2038018F7DA1E004A0D5E /* Release */,
			);
			defaultConfigurationIsVisible = 0;
			defaultConfigurationName = Release;
		};
		17D2038118F7DA1E004A0D5E /* Build configuration list for PBXNativeTarget "XiaoGuaiGallery" */ = {
			isa = XCConfigurationList;
			buildConfigurations = (
				17D2038218F7DA1E004A0D5E /* Debug */,
				17D2038318F7DA1E004A0D5E /* Release */,
			);
			defaultConfigurationIsVisible = 0;
			defaultConfigurationName = Release;
		};
		17D2038418F7DA1E004A0D5E /* Build configuration list for PBXNativeTarget "XiaoGuaiGalleryTests" */ = {
			isa = XCConfigurationList;
			buildConfigurations = (
				17D2038518F7DA1E004A0D5E /* Debug */,
				17D2038618F7DA1E004A0D5E /* Release */,
			);
			defaultConfigurationIsVisible = 0;
			defaultConfigurationName = Release;
		};
/* End XCConfigurationList section */
	};
	rootObject = 17D2034418F7DA1E004A0D5E /* Project object */;
}
